<?xml version="1.0" encoding="utf-8"?>
<Project ToolsVersion="4.0" xmlns="http://schemas.microsoft.com/developer/msbuild/2003">
  <ItemGroup>
    <Filter Include="Source Files">
      <UniqueIdentifier>{4FC737F1-C7A5-4376-A066-2A32D752A2FF}</UniqueIdentifier>
      <Extensions>cpp;c;cc;cxx;def;odl;idl;hpj;bat;asm;asmx</Extensions>
    </Filter>
    <Filter Include="Header Files">
      <UniqueIdentifier>{93995380-89BD-4b04-88EB-625FBE52EBFB}</UniqueIdentifier>
      <Extensions>h;hh;hpp;hxx;hm;inl;inc;xsd</Extensions>
    </Filter>
    <Filter Include="Resource Files">
      <UniqueIdentifier>{67DA6AB6-F800-4c08-8B7A-83BB121AAD01}</UniqueIdentifier>
      <Extensions>rc;ico;cur;bmp;dlg;rc2;rct;bin;rgs;gif;jpg;jpeg;jpe;resx;tiff;tif;png;wav;mfcribbon-ms</Extensions>
    </Filter>
    <Filter Include="Header Files\TimelineEvents">
      <UniqueIdentifier>{6499898c-65ba-412f-8969-3d37ae7622a1}</UniqueIdentifier>
    </Filter>
    <Filter Include="Source Files\TimelineEvents">
      <UniqueIdentifier>{b01fd6c9-4405-4cb5-9dab-015010f760fa}</UniqueIdentifier>
    </Filter>
    <Filter Include="Header Files\Properties">
      <UniqueIdentifier>{dda9946f-efb4-4af9-acdc-ad095df0629f}</UniqueIdentifier>
    </Filter>
    <Filter Include="Source Files\Core">
      <UniqueIdentifier>{06ddf5df-ce90-4fcb-b35f-a08c0f43b91a}</UniqueIdentifier>
    </Filter>
    <Filter Include="Source Files\Core\Audio">
      <UniqueIdentifier>{a40ed29a-cc81-4804-9cd7-643e222f1455}</UniqueIdentifier>
    </Filter>
    <Filter Include="Source Files\Core\Render">
      <UniqueIdentifier>{4c6eb821-520f-4f6d-b4e2-23885bae1ed4}</UniqueIdentifier>
    </Filter>
    <Filter Include="Source Files\Core\Timer">
      <UniqueIdentifier>{71500207-ea1b-46e3-a161-4e3a59ec7d89}</UniqueIdentifier>
    </Filter>
    <Filter Include="Source Files\Core\Render\Common">
      <UniqueIdentifier>{76bc5e17-bcbd-461a-b06a-f5b64530630d}</UniqueIdentifier>
    </Filter>
  </ItemGroup>
  <ItemGroup>
    <ClCompile Include="main.cpp">
      <Filter>Source Files</Filter>
    </ClCompile>
    <ClCompile Include="D3D11GeometryFactory.cpp">
      <Filter>Source Files</Filter>
    </ClCompile>
    <ClCompile Include="Application.cpp">
      <Filter>Source Files</Filter>
    </ClCompile>
    <ClCompile Include="PostProcessEffect.cpp">
      <Filter>Source Files</Filter>
    </ClCompile>
    <ClCompile Include="Core\Audio\Conversation.cpp">
      <Filter>Source Files</Filter>
    </ClCompile>
  </ItemGroup>
  <ItemGroup>
    <ClInclude Include="types.h">
      <Filter>Header Files</Filter>
    </ClInclude>
    <ClInclude Include="macros.h">
      <Filter>Header Files</Filter>
    </ClInclude>
    <ClInclude Include="D3D11GeometryFactory.h">
      <Filter>Header Files</Filter>
    </ClInclude>
    <ClInclude Include="IGeometryFactory.h">
      <Filter>Header Files</Filter>
    </ClInclude>
    <ClInclude Include="debug.h">
      <Filter>Header Files</Filter>
    </ClInclude>
    <ClInclude Include="DirectxHelper.h">
      <Filter>Header Files</Filter>
    </ClInclude>
    <ClInclude Include="OmniLight.h">
      <Filter>Header Files</Filter>
    </ClInclude>
    <ClInclude Include="Application.h">
      <Filter>Header Files</Filter>
    </ClInclude>
    <ClInclude Include="PostProcessEffect.h">
      <Filter>Header Files</Filter>
    </ClInclude>
    <ClInclude Include="Timeline.h">
      <Filter>Header Files</Filter>
    </ClInclude>
    <ClInclude Include="RenderTimelineEvent.h">
      <Filter>Header Files\TimelineEvents</Filter>
    </ClInclude>
    <ClInclude Include="IRenderable.h">
      <Filter>Header Files</Filter>
    </ClInclude>
    <ClInclude Include="IProperty.h">
      <Filter>Header Files</Filter>
    </ClInclude>
    <ClInclude Include="TimelineEventAbstract.h">
      <Filter>Header Files\TimelineEvents</Filter>
    </ClInclude>
    <ClInclude Include="Camera.h">
      <Filter>Header Files</Filter>
    </ClInclude>
    <ClInclude Include="common.h">
      <Filter>Header Files</Filter>
    </ClInclude>
    <ClInclude Include="classes.h">
      <Filter>Header Files</Filter>
    </ClInclude>
    <ClInclude Include="DemoLoader.h">
      <Filter>Header Files</Filter>
    </ClInclude>
    <ClInclude Include="D3DResources.h">
      <Filter>Header Files</Filter>
    </ClInclude>
    <ClInclude Include="PipelineState.h">
      <Filter>Header Files</Filter>
    </ClInclude>
    <ClInclude Include="Core\Timer\Timer.h">
      <Filter>Source Files\Core\Timer</Filter>
    </ClInclude>
    <ClInclude Include="Core\Audio\Conversation.h">
      <Filter>Header Files</Filter>
    </ClInclude>
    <ClInclude Include="Mesh.h">
      <Filter>Source Files\Core\Render\Common</Filter>
    </ClInclude>
  </ItemGroup>
  <ItemGroup>
    <None Include="shaders.hlsl">
      <Filter>Resource Files</Filter>
    </None>
    <None Include="packages.config" />
  </ItemGroup>
</Project>